
Microsoft Visual Studio Solution File, Format Version 12.00
# Visual Studio Version 17
VisualStudioVersion = 17.7.34202.233
MinimumVisualStudioVersion = 10.0.40219.1
Project("{9A19103F-16F7-4668-BE54-9A1E7A4F7556}") = "RESTfull.API", "RESTfull.API\RESTfull.API.csproj", "{B9F90B11-C6B4-4795-922C-BBB3A8A01133}"
EndProject
Project("{9A19103F-16F7-4668-BE54-9A1E7A4F7556}") = "RESRTfull.Domain", "RESRTfull.Domain\RESRTfull.Domain.csproj", "{2A5AE1CD-2D3A-424A-897D-1995159E84C2}"
EndProject
Project("{9A19103F-16F7-4668-BE54-9A1E7A4F7556}") = "RESTfull.Infrastructure", "RESTfull.infrastucture\RESTfull.Infrastructure.csproj", "{626262E0-B6DF-4D75-864B-4A44DB604747}"
EndProject
Project("{FAE04EC0-301F-11D3-BF4B-00C04F79EFBC}") = "TestProjectIndividual", "TestProjectIndividual\TestProjectIndividual.csproj", "{4BCD333B-7853-4F52-A8C7-CFADFD067928}"
EndProject
Global
	GlobalSection(SolutionConfigurationPlatforms) = preSolution
		Debug|Any CPU = Debug|Any CPU
		Release|Any CPU = Release|Any CPU
	EndGlobalSection
	GlobalSection(ProjectConfigurationPlatforms) = postSolution
		{B9F90B11-C6B4-4795-922C-BBB3A8A01133}.Debug|Any CPU.ActiveCfg = Debug|Any CPU
		{B9F90B11-C6B4-4795-922C-BBB3A8A01133}.Debug|Any CPU.Build.0 = Debug|Any CPU
		{B9F90B11-C6B4-4795-922C-BBB3A8A01133}.Release|Any CPU.ActiveCfg = Release|Any CPU
		{B9F90B11-C6B4-4795-922C-BBB3A8A01133}.Release|Any CPU.Build.0 = Release|Any CPU
		{2A5AE1CD-2D3A-424A-897D-1995159E84C2}.Debug|Any CPU.ActiveCfg = Debug|Any CPU
		{2A5AE1CD-2D3A-424A-897D-1995159E84C2}.Debug|Any CPU.Build.0 = Debug|Any CPU
		{2A5AE1CD-2D3A-424A-897D-1995159E84C2}.Release|Any CPU.ActiveCfg = Release|Any CPU
		{2A5AE1CD-2D3A-424A-897D-1995159E84C2}.Release|Any CPU.Build.0 = Release|Any CPU
		{626262E0-B6DF-4D75-864B-4A44DB604747}.Debug|Any CPU.ActiveCfg = Debug|Any CPU
		{626262E0-B6DF-4D75-864B-4A44DB604747}.Debug|Any CPU.Build.0 = Debug|Any CPU
		{626262E0-B6DF-4D75-864B-4A44DB604747}.Release|Any CPU.ActiveCfg = Release|Any CPU
		{626262E0-B6DF-4D75-864B-4A44DB604747}.Release|Any CPU.Build.0 = Release|Any CPU
		{4BCD333B-7853-4F52-A8C7-CFADFD067928}.Debug|Any CPU.ActiveCfg = Debug|Any CPU
		{4BCD333B-7853-4F52-A8C7-CFADFD067928}.Debug|Any CPU.Build.0 = Debug|Any CPU
		{4BCD333B-7853-4F52-A8C7-CFADFD067928}.Release|Any CPU.ActiveCfg = Release|Any CPU
		{4BCD333B-7853-4F52-A8C7-CFADFD067928}.Release|Any CPU.Build.0 = Release|Any CPU
	EndGlobalSection
	GlobalSection(SolutionProperties) = preSolution
		HideSolutionNode = FALSE
	EndGlobalSection
	GlobalSection(ExtensibilityGlobals) = postSolution
		SolutionGuid = {5C7C6FAF-9BFF-48AB-B5EF-7B98B6AC9550}
	EndGlobalSection
EndGlobal
